
Microsoft Visual Studio Solution File, Format Version 12.00
# Visual Studio 15
VisualStudioVersion = 15.0.27004.2005
MinimumVisualStudioVersion = 10.0.40219.1
Project("{2150E333-8FDC-42A3-9474-1A3956D46DE8}") = "文件", "文件", "{D282E617-92AF-4B20-8964-FC4B75328F0E}"
	ProjectSection(SolutionItems) = preProject
		文件\104北市軟體競賽.pdf = 文件\104北市軟體競賽.pdf
	EndProjectSection
EndProject
Project("{FAE04EC0-301F-11D3-BF4B-00C04F79EFBC}") = "Q2 大數計算機", "Q2 大數計算機\Q2 大數計算機.csproj", "{D6841339-D0DD-456B-9590-4ADBD7E5EB8D}"
EndProject
Project("{FAE04EC0-301F-11D3-BF4B-00C04F79EFBC}") = "Q1 自訂符號井字遊戲", "Q1 自訂符號井字遊戲\Q1 自訂符號井字遊戲.csproj", "{6DEDBFF0-DC6E-4D24-8DC6-99D1D084B5CB}"
EndProject
Project("{FAE04EC0-301F-11D3-BF4B-00C04F79EFBC}") = "Q3 侵蝕處理程式", "Q3 侵蝕處理程式\Q3 侵蝕處理程式.csproj", "{D4A02D34-B50E-4DD3-AB63-4167F66E3821}"
EndProject
Project("{FAE04EC0-301F-11D3-BF4B-00C04F79EFBC}") = "Q4 彩色影像品質量測", "Q4 彩色影像品質量測\Q4 彩色影像品質量測.csproj", "{B45E9CD6-158A-467C-9F23-A1DED38875CF}"
EndProject
Global
	GlobalSection(SolutionConfigurationPlatforms) = preSolution
		Debug|Any CPU = Debug|Any CPU
		Release|Any CPU = Release|Any CPU
	EndGlobalSection
	GlobalSection(ProjectConfigurationPlatforms) = postSolution
		{D6841339-D0DD-456B-9590-4ADBD7E5EB8D}.Debug|Any CPU.ActiveCfg = Debug|Any CPU
		{D6841339-D0DD-456B-9590-4ADBD7E5EB8D}.Debug|Any CPU.Build.0 = Debug|Any CPU
		{D6841339-D0DD-456B-9590-4ADBD7E5EB8D}.Release|Any CPU.ActiveCfg = Release|Any CPU
		{D6841339-D0DD-456B-9590-4ADBD7E5EB8D}.Release|Any CPU.Build.0 = Release|Any CPU
		{6DEDBFF0-DC6E-4D24-8DC6-99D1D084B5CB}.Debug|Any CPU.ActiveCfg = Debug|Any CPU
		{6DEDBFF0-DC6E-4D24-8DC6-99D1D084B5CB}.Debug|Any CPU.Build.0 = Debug|Any CPU
		{6DEDBFF0-DC6E-4D24-8DC6-99D1D084B5CB}.Release|Any CPU.ActiveCfg = Release|Any CPU
		{6DEDBFF0-DC6E-4D24-8DC6-99D1D084B5CB}.Release|Any CPU.Build.0 = Release|Any CPU
		{D4A02D34-B50E-4DD3-AB63-4167F66E3821}.Debug|Any CPU.ActiveCfg = Debug|Any CPU
		{D4A02D34-B50E-4DD3-AB63-4167F66E3821}.Debug|Any CPU.Build.0 = Debug|Any CPU
		{D4A02D34-B50E-4DD3-AB63-4167F66E3821}.Release|Any CPU.ActiveCfg = Release|Any CPU
		{D4A02D34-B50E-4DD3-AB63-4167F66E3821}.Release|Any CPU.Build.0 = Release|Any CPU
		{B45E9CD6-158A-467C-9F23-A1DED38875CF}.Debug|Any CPU.ActiveCfg = Debug|Any CPU
		{B45E9CD6-158A-467C-9F23-A1DED38875CF}.Debug|Any CPU.Build.0 = Debug|Any CPU
		{B45E9CD6-158A-467C-9F23-A1DED38875CF}.Release|Any CPU.ActiveCfg = Release|Any CPU
		{B45E9CD6-158A-467C-9F23-A1DED38875CF}.Release|Any CPU.Build.0 = Release|Any CPU
	EndGlobalSection
	GlobalSection(SolutionProperties) = preSolution
		HideSolutionNode = FALSE
	EndGlobalSection
	GlobalSection(ExtensibilityGlobals) = postSolution
		SolutionGuid = {793B79BF-15C8-4E85-B747-EF5B4F735FCA}
	EndGlobalSection
EndGlobal
