
Microsoft Visual Studio Solution File, Format Version 12.00
# Visual Studio 15
VisualStudioVersion = 15.0.26730.10
MinimumVisualStudioVersion = 10.0.40219.1
Project("{FAE04EC0-301F-11D3-BF4B-00C04F79EFBC}") = "Q5 Email組合程式", "Q5 Email組合程式\Q5 Email組合程式.csproj", "{534B32C5-37C2-488A-BA0C-25C653E2CB78}"
EndProject
Project("{2150E333-8FDC-42A3-9474-1A3956D46DE8}") = "文件", "文件", "{6C0C1B3C-9F16-4936-91B8-F2C44E334729}"
	ProjectSection(SolutionItems) = preProject
		文件\103工科電腦軟體設計.pdf = 文件\103工科電腦軟體設計.pdf
	EndProjectSection
EndProject
Global
	GlobalSection(SolutionConfigurationPlatforms) = preSolution
		Debug|Any CPU = Debug|Any CPU
		Release|Any CPU = Release|Any CPU
	EndGlobalSection
	GlobalSection(ProjectConfigurationPlatforms) = postSolution
		{534B32C5-37C2-488A-BA0C-25C653E2CB78}.Debug|Any CPU.ActiveCfg = Debug|Any CPU
		{534B32C5-37C2-488A-BA0C-25C653E2CB78}.Debug|Any CPU.Build.0 = Debug|Any CPU
		{534B32C5-37C2-488A-BA0C-25C653E2CB78}.Release|Any CPU.ActiveCfg = Release|Any CPU
		{534B32C5-37C2-488A-BA0C-25C653E2CB78}.Release|Any CPU.Build.0 = Release|Any CPU
	EndGlobalSection
	GlobalSection(SolutionProperties) = preSolution
		HideSolutionNode = FALSE
	EndGlobalSection
	GlobalSection(ExtensibilityGlobals) = postSolution
		SolutionGuid = {CA8B0DB0-3010-4466-A605-E47A56E82216}
	EndGlobalSection
EndGlobal
