
Microsoft Visual Studio Solution File, Format Version 12.00
# Visual Studio 15
VisualStudioVersion = 15.0.27004.2005
MinimumVisualStudioVersion = 10.0.40219.1
Project("{FAE04EC0-301F-11D3-BF4B-00C04F79EFBC}") = "Q2 物件連通", "Q2 物件連通\Q2 物件連通.csproj", "{275E938C-8F1F-473A-93BA-D71813EAA029}"
EndProject
Project("{2150E333-8FDC-42A3-9474-1A3956D46DE8}") = "文件", "文件", "{F63A9807-9E56-40BA-8D74-12ADF4D579D7}"
	ProjectSection(SolutionItems) = preProject
		文件\105北市軟體競賽.pdf = 文件\105北市軟體競賽.pdf
	EndProjectSection
EndProject
Global
	GlobalSection(SolutionConfigurationPlatforms) = preSolution
		Debug|Any CPU = Debug|Any CPU
		Release|Any CPU = Release|Any CPU
	EndGlobalSection
	GlobalSection(ProjectConfigurationPlatforms) = postSolution
		{275E938C-8F1F-473A-93BA-D71813EAA029}.Debug|Any CPU.ActiveCfg = Debug|Any CPU
		{275E938C-8F1F-473A-93BA-D71813EAA029}.Debug|Any CPU.Build.0 = Debug|Any CPU
		{275E938C-8F1F-473A-93BA-D71813EAA029}.Release|Any CPU.ActiveCfg = Release|Any CPU
		{275E938C-8F1F-473A-93BA-D71813EAA029}.Release|Any CPU.Build.0 = Release|Any CPU
	EndGlobalSection
	GlobalSection(SolutionProperties) = preSolution
		HideSolutionNode = FALSE
	EndGlobalSection
	GlobalSection(ExtensibilityGlobals) = postSolution
		SolutionGuid = {5561828B-EBB2-4EE5-8B2B-BF79D6C8043B}
	EndGlobalSection
EndGlobal
